{
    "name": "ai-math-random",
    "version": "1.2.0",
    "lockfileVersion": 2,
    "requires": true,
    "packages": {
        "": {
            "name": "ai-math-random",
            "version": "1.0.1",
            "dependencies": {
                "xmlhttprequest": "^1.8.0"
            },
            "devDependencies": {
                "prettier": "^2.8.7"
            }
        },
        "node_modules/prettier": {
            "version": "2.8.7",
            "dev": true,
            "license": "MIT",
            "bin": {
                "prettier": "bin-prettier.js"
            },
            "engines": {
                "node": ">=10.13.0"
            },
            "funding": {
                "url": "https://github.com/prettier/prettier?sponsor=1"
            }
        },
        "node_modules/xmlhttprequest": {
            "version": "1.8.0",
            "license": "MIT",
            "engines": {
                "node": ">=0.4.0"
            }
        }
    },
    "dependencies": {
        "prettier": {
            "version": "2.8.7",
            "dev": true
        },
        "xmlhttprequest": {
            "version": "1.8.0"
        }
    }
}
